{
    "_readme": [
        "This file locks the dependencies of your project to a known state",
        "Read more about it at http://getcomposer.org/doc/01-basic-usage.md#composer-lock-the-lock-file",
        "This file is @generated automatically"
    ],
    "hash": "1bedc62f84c1aca73f19ee9f5b568cca",
    "packages": [
        {
            "name": "cebe/markdown",
            "version": "0.9.x-dev",
            "source": {
                "type": "git",
                "url": "https://github.com/cebe/markdown.git",
                "reference": "6a3c3737e9c1f4670f39a771f77b536126788ad2"
            },
            "dist": {
                "type": "zip",
                "url": "https://api.github.com/repos/cebe/markdown/zipball/6a3c3737e9c1f4670f39a771f77b536126788ad2",
                "reference": "6a3c3737e9c1f4670f39a771f77b536126788ad2",
                "shasum": ""
            },
            "require": {
                "lib-pcre": "*",
                "php": ">=5.4.0"
            },
            "require-dev": {
                "phpunit/phpunit": "3.7.*"
            },
            "bin": [
                "bin/markdown"
            ],
            "type": "library",
            "extra": {
                "branch-alias": {
                    "dev-master": "1.0.x-dev",
                    "dev-0.9.x-dev": "0.9.x-dev"
                }
            },
            "autoload": {
                "psr-4": {
                    "cebe\\markdown\\": ""
                }
            },
            "notification-url": "https://packagist.org/downloads/",
            "license": [
                "MIT"
            ],
            "authors": [
                {
                    "name": "Carsten Brandt",
                    "email": "mail@cebe.cc",
                    "homepage": "http://cebe.cc/",
                    "role": "Core framework development"
                }
            ],
            "description": "A super fast highly extensible markdown parser for PHP",
            "homepage": "https://github.com/cebe/markdown#readme",
            "keywords": [
                "extensible",
                "fast",
                "gfm",
                "markdown",
                "markdown-extra"
            ],
            "time": "2014-03-05 16:30:51"
        },
        {
            "name": "ezyang/htmlpurifier",
            "version": "v4.6.0",
            "source": {
                "type": "git",
                "url": "https://github.com/ezyang/htmlpurifier.git",
                "reference": "6f389f0f25b90d0b495308efcfa073981177f0fd"
            },
            "dist": {
                "type": "zip",
                "url": "https://api.github.com/repos/ezyang/htmlpurifier/zipball/6f389f0f25b90d0b495308efcfa073981177f0fd",
                "reference": "6f389f0f25b90d0b495308efcfa073981177f0fd",
                "shasum": ""
            },
            "require": {
                "php": ">=5.2"
            },
            "type": "library",
            "autoload": {
                "psr-0": {
                    "HTMLPurifier": "library/"
                },
                "files": [
                    "library/HTMLPurifier.composer.php"
                ]
            },
            "notification-url": "https://packagist.org/downloads/",
            "license": [
                "LGPL"
            ],
            "authors": [
                {
                    "name": "Edward Z. Yang",
                    "email": "admin@htmlpurifier.org",
                    "homepage": "http://ezyang.com",
                    "role": "Developer"
                }
            ],
            "description": "Standards compliant HTML filter written in PHP",
            "homepage": "http://htmlpurifier.org/",
            "keywords": [
                "html"
            ],
            "time": "2013-11-30 08:25:19"
        },
        {
            "name": "rubaxa/fileapi",
            "version": "dev-dev",
            "source": {
                "type": "git",
                "url": "https://github.com/RubaXa/jquery.fileapi.git",
                "reference": "88adb4c1e57ab81815457776a3202ad3805c8ebc"
            },
            "dist": {
                "type": "zip",
                "url": "https://api.github.com/repos/RubaXa/jquery.fileapi/zipball/88adb4c1e57ab81815457776a3202ad3805c8ebc",
                "reference": "88adb4c1e57ab81815457776a3202ad3805c8ebc",
                "shasum": ""
            },
            "type": "library",
            "notification-url": "https://packagist.org/downloads/",
            "license": [
                "MIT"
            ],
            "description": "jQuery plugin for FileAPI (multiupload, image upload, crop, resize and etc.)",
            "homepage": "https://github.com/RubaXa/jquery.fileapi",
            "keywords": [
                "fileapi",
                "jquery",
                "multiupload"
            ],
            "time": "2014-09-04 09:48:58"
        },
        {
            "name": "swiftmailer/swiftmailer",
            "version": "dev-master",
            "source": {
                "type": "git",
                "url": "https://github.com/swiftmailer/swiftmailer.git",
                "reference": "8a2bcc6045e92acfbfea252cb6b444bc8c3f171e"
            },
            "dist": {
                "type": "zip",
                "url": "https://api.github.com/repos/swiftmailer/swiftmailer/zipball/8a2bcc6045e92acfbfea252cb6b444bc8c3f171e",
                "reference": "8a2bcc6045e92acfbfea252cb6b444bc8c3f171e",
                "shasum": ""
            },
            "require": {
                "php": ">=5.2.4"
            },
            "require-dev": {
                "mockery/mockery": "~0.9.1"
            },
            "type": "library",
            "extra": {
                "branch-alias": {
                    "dev-master": "5.2-dev"
                }
            },
            "autoload": {
                "files": [
                    "lib/swift_required.php"
                ]
            },
            "notification-url": "https://packagist.org/downloads/",
            "license": [
                "MIT"
            ],
            "authors": [
                {
                    "name": "Chris Corbyn"
                },
                {
                    "name": "Fabien Potencier",
                    "email": "fabien@symfony.com"
                }
            ],
            "description": "Swiftmailer, free feature-rich PHP mailer",
            "homepage": "http://swiftmailer.org",
            "keywords": [
                "mail",
                "mailer"
            ],
            "time": "2014-08-27 09:29:44"
        },
        {
            "name": "twbs/bootstrap",
            "version": "dev-master",
            "source": {
                "type": "git",
                "url": "https://github.com/twbs/bootstrap.git",
                "reference": "af5f2213f066159e4bc51c627c4a853fec6ddc0f"
            },
            "dist": {
                "type": "zip",
                "url": "https://api.github.com/repos/twbs/bootstrap/zipball/af5f2213f066159e4bc51c627c4a853fec6ddc0f",
                "reference": "af5f2213f066159e4bc51c627c4a853fec6ddc0f",
                "shasum": ""
            },
            "replace": {
                "twitter/bootstrap": "self.version"
            },
            "type": "library",
            "extra": {
                "branch-alias": {
                    "dev-master": "3.2.x-dev"
                }
            },
            "notification-url": "https://packagist.org/downloads/",
            "license": [
                "MIT"
            ],
            "authors": [
                {
                    "name": "Jacob Thornton",
                    "email": "jacobthornton@gmail.com"
                },
                {
                    "name": "Mark Otto",
                    "email": "markdotto@gmail.com"
                }
            ],
            "description": "The most popular front-end framework for developing responsive, mobile first projects on the web.",
            "homepage": "http://getbootstrap.com",
            "keywords": [
                "JS",
                "css",
                "framework",
                "front-end",
                "less",
                "mobile-first",
                "responsive",
                "web"
            ],
            "time": "2014-09-04 02:00:29"
        },
        {
            "name": "vova07/yii2-fileapi-widget",
            "version": "dev-master",
            "source": {
                "type": "git",
                "url": "https://github.com/vova07/yii2-fileapi-widget.git",
                "reference": "929e228b4d22ec28d550ea178cc968f74334c0ff"
            },
            "dist": {
                "type": "zip",
                "url": "https://api.github.com/repos/vova07/yii2-fileapi-widget/zipball/929e228b4d22ec28d550ea178cc968f74334c0ff",
                "reference": "929e228b4d22ec28d550ea178cc968f74334c0ff",
                "shasum": ""
            },
            "require": {
                "rubaxa/fileapi": "dev-dev",
                "yiisoft/yii2": "*"
            },
            "type": "yii2-extension",
            "autoload": {
                "psr-4": {
                    "vova07\\fileapi\\": ""
                }
            },
            "notification-url": "https://packagist.org/downloads/",
            "license": [
                "BSD-3-Clause"
            ],
            "authors": [
                {
                    "name": "Crudu Vasile",
                    "email": "bazillio07@yandex.ru"
                }
            ],
            "description": "The FileAPI widget for Yii2 framework.",
            "keywords": [
                "fileapi",
                "files",
                "multiupload",
                "upload",
                "widget",
                "yii 2",
                "yii2"
            ],
            "time": "2014-08-28 17:18:43"
        },
        {
            "name": "vova07/yii2-imperavi-widget",
            "version": "dev-master",
            "source": {
                "type": "git",
                "url": "https://github.com/vova07/yii2-imperavi-widget.git",
                "reference": "6702a8daa597fe5ddb1e13a7f85195cef251691f"
            },
            "dist": {
                "type": "zip",
                "url": "https://api.github.com/repos/vova07/yii2-imperavi-widget/zipball/6702a8daa597fe5ddb1e13a7f85195cef251691f",
                "reference": "6702a8daa597fe5ddb1e13a7f85195cef251691f",
                "shasum": ""
            },
            "require": {
                "yiisoft/yii2": "*"
            },
            "type": "yii2-extension",
            "autoload": {
                "psr-4": {
                    "vova07\\imperavi\\": ""
                }
            },
            "notification-url": "https://packagist.org/downloads/",
            "license": [
                "proprietary"
            ],
            "authors": [
                {
                    "name": "Crudu Vasile",
                    "email": "bazillio07@yandex.ru"
                },
                {
                    "name": "Veaceslav Medvedev",
                    "email": "slavcopost@gmail.com"
                },
                {
                    "name": "Alexander Makarov",
                    "email": "sam@rmcreative.ru",
                    "homepage": "http://rmcreative.ru/"
                }
            ],
            "description": "The imperavi redactor widget for Yii framework.",
            "keywords": [
                "Redactor",
                "imperavi",
                "widget",
                "wysiwyg",
                "yii 2",
                "yii2"
            ],
            "time": "2014-08-19 12:35:38"
        },
        {
            "name": "vova07/yii2-rbac-module",
            "version": "dev-master",
            "source": {
                "type": "git",
                "url": "https://github.com/vova07/yii2-rbac-module.git",
                "reference": "11dc36ee0ad97f3265c52d938d57f5d57e9ffa1f"
            },
            "dist": {
                "type": "zip",
                "url": "https://api.github.com/repos/vova07/yii2-rbac-module/zipball/11dc36ee0ad97f3265c52d938d57f5d57e9ffa1f",
                "reference": "11dc36ee0ad97f3265c52d938d57f5d57e9ffa1f",
                "shasum": ""
            },
            "require": {
                "yiisoft/yii2": "*"
            },
            "type": "yii2-extension",
            "autoload": {
                "psr-4": {
                    "vova07\\rbac\\": ""
                }
            },
            "notification-url": "https://packagist.org/downloads/",
            "license": [
                "BSD-3-Clause"
            ],
            "authors": [
                {
                    "name": "Crudu Vasile",
                    "email": "bazillio07@yandex.ru"
                }
            ],
            "description": "The RBAC module for Yii framework.",
            "keywords": [
                "management",
                "module",
                "modules",
                "rbac",
                "yii 2",
                "yii2"
            ],
            "time": "2014-07-11 08:15:43"
        },
        {
            "name": "vova07/yii2-start-behaviors",
            "version": "dev-master",
            "source": {
                "type": "git",
                "url": "https://github.com/vova07/yii2-start-behaviors.git",
                "reference": "9f9c8b1a353c2fb15f37af09ef4fbed4919f6e61"
            },
            "dist": {
                "type": "zip",
                "url": "https://api.github.com/repos/vova07/yii2-start-behaviors/zipball/9f9c8b1a353c2fb15f37af09ef4fbed4919f6e61",
                "reference": "9f9c8b1a353c2fb15f37af09ef4fbed4919f6e61",
                "shasum": ""
            },
            "require": {
                "yiisoft/yii2": "*"
            },
            "type": "yii2-extension",
            "autoload": {
                "psr-4": {
                    "vova07\\behaviors\\": ""
                }
            },
            "notification-url": "https://packagist.org/downloads/",
            "license": [
                "BSD-3-Clause"
            ],
            "authors": [
                {
                    "name": "Crudu Vasile",
                    "email": "bazillio07@yandex.ru"
                }
            ],
            "description": "Yii2-start behaviors package.",
            "keywords": [
                "behaviors",
                "start",
                "yii 2",
                "yii2",
                "yii2-start"
            ],
            "time": "2014-08-28 16:57:48"
        },
        {
            "name": "vova07/yii2-start-blogs-module",
            "version": "dev-master",
            "source": {
                "type": "git",
                "url": "https://github.com/vova07/yii2-start-blogs-module.git",
                "reference": "c349e345f4d8c752885eb5b1f52a9d4ad397d598"
            },
            "dist": {
                "type": "zip",
                "url": "https://api.github.com/repos/vova07/yii2-start-blogs-module/zipball/c349e345f4d8c752885eb5b1f52a9d4ad397d598",
                "reference": "c349e345f4d8c752885eb5b1f52a9d4ad397d598",
                "shasum": ""
            },
            "require": {
                "vova07/yii2-fileapi-widget": "*",
                "vova07/yii2-imperavi-widget": "*",
                "vova07/yii2-start": "*",
                "vova07/yii2-start-behaviors": "*",
                "yiisoft/yii2": "*",
                "yiisoft/yii2-jui": "*"
            },
            "type": "yii2-extension",
            "extra": {
                "bootstrap": "vova07\\blogs\\Bootstrap"
            },
            "autoload": {
                "psr-4": {
                    "vova07\\blogs\\": ""
                }
            },
            "notification-url": "https://packagist.org/downloads/",
            "license": [
                "BSD-3-Clause"
            ],
            "authors": [
                {
                    "name": "Crudu Vasile",
                    "email": "bazillio07@yandex.ru"
                }
            ],
            "description": "The blogs module for Yii2-start application.",
            "keywords": [
                "blogs",
                "module",
                "yii 2",
                "yii2",
                "yii2-start"
            ],
            "time": "2014-08-28 17:23:15"
        },
        {
            "name": "vova07/yii2-start-users-module",
            "version": "dev-master",
            "source": {
                "type": "git",
                "url": "https://github.com/vova07/yii2-start-users-module.git",
                "reference": "1101b365e37f250886f1fd43c5ed0fde10958ef7"
            },
            "dist": {
                "type": "zip",
                "url": "https://api.github.com/repos/vova07/yii2-start-users-module/zipball/1101b365e37f250886f1fd43c5ed0fde10958ef7",
                "reference": "1101b365e37f250886f1fd43c5ed0fde10958ef7",
                "shasum": ""
            },
            "require": {
                "vova07/yii2-fileapi-widget": "*",
                "vova07/yii2-rbac-module": "*",
                "vova07/yii2-start": "*",
                "yiisoft/yii2": "*",
                "yiisoft/yii2-bootstrap": "*",
                "yiisoft/yii2-swiftmailer": "*"
            },
            "type": "yii2-extension",
            "extra": {
                "bootstrap": "vova07\\users\\Bootstrap"
            },
            "autoload": {
                "psr-4": {
                    "vova07\\users\\": ""
                }
            },
            "notification-url": "https://packagist.org/downloads/",
            "license": [
                "BSD-3-Clause"
            ],
            "authors": [
                {
                    "name": "Crudu Vasile",
                    "email": "bazillio07@yandex.ru"
                }
            ],
            "description": "The users module for Yii2-Start application.",
            "keywords": [
                "Users",
                "account",
                "management",
                "module",
                "modules",
                "profile",
                "profiles",
                "user",
                "yii 2",
                "yii2",
                "yii2-start"
            ],
            "time": "2014-09-03 16:06:28"
        },
        {
            "name": "yiisoft/jquery",
            "version": "2.1.1",
            "source": {
                "type": "git",
                "url": "https://github.com/yiisoft/jquery.git",
                "reference": "bc09bbbc8b40cf89812036188b6f94ae7627c73c"
            },
            "dist": {
                "type": "zip",
                "url": "https://api.github.com/repos/yiisoft/jquery/zipball/bc09bbbc8b40cf89812036188b6f94ae7627c73c",
                "reference": "bc09bbbc8b40cf89812036188b6f94ae7627c73c",
                "shasum": ""
            },
            "type": "library",
            "notification-url": "https://packagist.org/downloads/",
            "license": [
                "MIT"
            ],
            "description": "jQuery JavaScript Library",
            "homepage": "http://jquery.com",
            "time": "2014-05-07 05:00:09"
        },
        {
            "name": "yiisoft/jquery-pjax",
            "version": "dev-master",
            "source": {
                "type": "git",
                "url": "https://github.com/yiisoft/jquery-pjax.git",
                "reference": "98caa41b39c0d8ab6fd4451ed249de7c0d05256a"
            },
            "dist": {
                "type": "zip",
                "url": "https://api.github.com/repos/yiisoft/jquery-pjax/zipball/98caa41b39c0d8ab6fd4451ed249de7c0d05256a",
                "reference": "98caa41b39c0d8ab6fd4451ed249de7c0d05256a",
                "shasum": ""
            },
            "require": {
                "yiisoft/jquery": ">=1.8"
            },
            "type": "library",
            "notification-url": "https://packagist.org/downloads/",
            "license": [
                "MIT"
            ],
            "description": "pushState + ajax = pjax, a forked maintainted by the Yii Framework core developers",
            "homepage": "https://github.com/yiisoft/jquery-pjax#readme",
            "time": "2014-09-02 18:40:28"
        },
        {
            "name": "yiisoft/yii2",
            "version": "dev-master",
            "source": {
                "type": "git",
                "url": "https://github.com/yiisoft/yii2-framework.git",
                "reference": "2e23e14e13e0d12bf1b629da1961ffce0c5c1fe8"
            },
            "dist": {
                "type": "zip",
                "url": "https://api.github.com/repos/yiisoft/yii2-framework/zipball/2e23e14e13e0d12bf1b629da1961ffce0c5c1fe8",
                "reference": "2e23e14e13e0d12bf1b629da1961ffce0c5c1fe8",
                "shasum": ""
            },
            "require": {
                "cebe/markdown": "0.9.*",
                "ext-mbstring": "*",
                "ezyang/htmlpurifier": "4.6.*",
                "lib-pcre": "*",
                "php": ">=5.4.0",
                "yiisoft/jquery": "~2.0 | ~1.10",
                "yiisoft/jquery-pjax": "*",
                "yiisoft/yii2-composer": "*"
            },
            "bin": [
                "yii"
            ],
            "type": "library",
            "autoload": {
                "psr-4": {
                    "yii\\": ""
                }
            },
            "notification-url": "https://packagist.org/downloads/",
            "license": [
                "BSD-3-Clause"
            ],
            "authors": [
                {
                    "name": "Qiang Xue",
                    "email": "qiang.xue@gmail.com",
                    "homepage": "http://www.yiiframework.com/",
                    "role": "Founder and project lead"
                },
                {
                    "name": "Alexander Makarov",
                    "email": "sam@rmcreative.ru",
                    "homepage": "http://rmcreative.ru/",
                    "role": "Core framework development"
                },
                {
                    "name": "Maurizio Domba",
                    "homepage": "http://mdomba.info/",
                    "role": "Core framework development"
                },
                {
                    "name": "Carsten Brandt",
                    "email": "mail@cebe.cc",
                    "homepage": "http://cebe.cc/",
                    "role": "Core framework development"
                },
                {
                    "name": "Timur Ruziev",
                    "email": "resurtm@gmail.com",
                    "homepage": "http://resurtm.com/",
                    "role": "Core framework development"
                },
                {
                    "name": "Paul Klimov",
                    "email": "klimov.paul@gmail.com",
                    "role": "Core framework development"
                }
            ],
            "description": "Yii PHP Framework Version 2",
            "homepage": "http://www.yiiframework.com/",
            "keywords": [
                "framework",
                "yii2"
            ],
            "time": "2014-09-04 19:34:19"
        },
        {
            "name": "yiisoft/yii2-bootstrap",
            "version": "dev-master",
            "source": {
                "type": "git",
                "url": "https://github.com/yiisoft/yii2-bootstrap.git",
                "reference": "309415f186e92365bce49daafeb902a5d4dead1b"
            },
            "dist": {
                "type": "zip",
                "url": "https://api.github.com/repos/yiisoft/yii2-bootstrap/zipball/309415f186e92365bce49daafeb902a5d4dead1b",
                "reference": "309415f186e92365bce49daafeb902a5d4dead1b",
                "shasum": ""
            },
            "require": {
                "twbs/bootstrap": "3.2.* | 3.1.* | 3.0.*",
                "yiisoft/yii2": "*"
            },
            "type": "yii2-extension",
            "autoload": {
                "psr-4": {
                    "yii\\bootstrap\\": ""
                }
            },
            "notification-url": "https://packagist.org/downloads/",
            "license": [
                "BSD-3-Clause"
            ],
            "authors": [
                {
                    "name": "Qiang Xue",
                    "email": "qiang.xue@gmail.com"
                }
            ],
            "description": "The Twitter Bootstrap extension for the Yii framework",
            "keywords": [
                "bootstrap",
                "yii2"
            ],
            "time": "2014-09-04 18:36:30"
        },
        {
            "name": "yiisoft/yii2-composer",
            "version": "dev-master",
            "source": {
                "type": "git",
                "url": "https://github.com/yiisoft/yii2-composer.git",
                "reference": "f205416b9e4698af823c4ea6ec661a847188d5cf"
            },
            "dist": {
                "type": "zip",
                "url": "https://api.github.com/repos/yiisoft/yii2-composer/zipball/f205416b9e4698af823c4ea6ec661a847188d5cf",
                "reference": "f205416b9e4698af823c4ea6ec661a847188d5cf",
                "shasum": ""
            },
            "require": {
                "composer-plugin-api": "1.0.0"
            },
            "type": "composer-plugin",
            "extra": {
                "class": "yii\\composer\\Plugin"
            },
            "autoload": {
                "psr-4": {
                    "yii\\composer\\": ""
                }
            },
            "notification-url": "https://packagist.org/downloads/",
            "license": [
                "BSD-3-Clause"
            ],
            "authors": [
                {
                    "name": "Qiang Xue",
                    "email": "qiang.xue@gmail.com"
                }
            ],
            "description": "The composer plugin for Yii extension installer",
            "keywords": [
                "composer",
                "extension installer",
                "yii2"
            ],
            "time": "2014-09-03 03:17:50"
        },
        {
            "name": "yiisoft/yii2-jui",
            "version": "dev-master",
            "source": {
                "type": "git",
                "url": "https://github.com/yiisoft/yii2-jui.git",
                "reference": "43e3ccb5afe81f9e3e7cdb44dabe24bfbffda832"
            },
            "dist": {
                "type": "zip",
                "url": "https://api.github.com/repos/yiisoft/yii2-jui/zipball/43e3ccb5afe81f9e3e7cdb44dabe24bfbffda832",
                "reference": "43e3ccb5afe81f9e3e7cdb44dabe24bfbffda832",
                "shasum": ""
            },
            "require": {
                "yiisoft/yii2": "*"
            },
            "type": "yii2-extension",
            "autoload": {
                "psr-4": {
                    "yii\\jui\\": ""
                }
            },
            "notification-url": "https://packagist.org/downloads/",
            "license": [
                "BSD-3-Clause"
            ],
            "authors": [
                {
                    "name": "Qiang Xue",
                    "email": "qiang.xue@gmail.com"
                }
            ],
            "description": "The Jquery UI extension for the Yii framework",
            "keywords": [
                "jQuery UI",
                "yii2"
            ],
            "time": "2014-08-29 19:48:17"
        },
        {
            "name": "yiisoft/yii2-swiftmailer",
            "version": "dev-master",
            "source": {
                "type": "git",
                "url": "https://github.com/yiisoft/yii2-swiftmailer.git",
                "reference": "5f50b47f0787ed6eb08ff0cda825a202d24dc392"
            },
            "dist": {
                "type": "zip",
                "url": "https://api.github.com/repos/yiisoft/yii2-swiftmailer/zipball/5f50b47f0787ed6eb08ff0cda825a202d24dc392",
                "reference": "5f50b47f0787ed6eb08ff0cda825a202d24dc392",
                "shasum": ""
            },
            "require": {
                "swiftmailer/swiftmailer": "*",
                "yiisoft/yii2": "*"
            },
            "type": "yii2-extension",
            "autoload": {
                "psr-4": {
                    "yii\\swiftmailer\\": ""
                }
            },
            "notification-url": "https://packagist.org/downloads/",
            "license": [
                "BSD-3-Clause"
            ],
            "authors": [
                {
                    "name": "Paul Klimov",
                    "email": "klimov.paul@gmail.com"
                }
            ],
            "description": "The SwiftMailer integration for the Yii framework",
            "keywords": [
                "email",
                "mail",
                "mailer",
                "swift",
                "swiftmailer",
                "yii2"
            ],
            "time": "2014-07-29 22:40:46"
        }
    ],
    "packages-dev": [
        {
            "name": "phpspec/php-diff",
            "version": "dev-master",
            "source": {
                "type": "git",
                "url": "https://github.com/phpspec/php-diff.git",
                "reference": "30e103d19519fe678ae64a60d77884ef3d71b28a"
            },
            "dist": {
                "type": "zip",
                "url": "https://api.github.com/repos/phpspec/php-diff/zipball/30e103d19519fe678ae64a60d77884ef3d71b28a",
                "reference": "30e103d19519fe678ae64a60d77884ef3d71b28a",
                "shasum": ""
            },
            "type": "library",
            "autoload": {
                "psr-0": {
                    "Diff": "lib/"
                }
            },
            "notification-url": "https://packagist.org/downloads/",
            "license": [
                "BSD-3-Clause"
            ],
            "authors": [
                {
                    "name": "Chris Boulton",
                    "homepage": "http://github.com/chrisboulton",
                    "role": "Original developer"
                }
            ],
            "description": "A comprehensive library for generating differences between two hashable objects (strings or arrays).",
            "time": "2013-11-01 13:02:21"
        },
        {
            "name": "yiisoft/yii2-debug",
            "version": "dev-master",
            "source": {
                "type": "git",
                "url": "https://github.com/yiisoft/yii2-debug.git",
                "reference": "b83cbe8e35bbfc99d95549309186914fb6f33ca7"
            },
            "dist": {
                "type": "zip",
                "url": "https://api.github.com/repos/yiisoft/yii2-debug/zipball/b83cbe8e35bbfc99d95549309186914fb6f33ca7",
                "reference": "b83cbe8e35bbfc99d95549309186914fb6f33ca7",
                "shasum": ""
            },
            "require": {
                "yiisoft/yii2": "*",
                "yiisoft/yii2-bootstrap": "*"
            },
            "type": "yii2-extension",
            "autoload": {
                "psr-4": {
                    "yii\\debug\\": ""
                }
            },
            "notification-url": "https://packagist.org/downloads/",
            "license": [
                "BSD-3-Clause"
            ],
            "authors": [
                {
                    "name": "Qiang Xue",
                    "email": "qiang.xue@gmail.com"
                }
            ],
            "description": "The debugger extension for the Yii framework",
            "keywords": [
                "debug",
                "debugger",
                "yii2"
            ],
            "time": "2014-08-28 20:28:03"
        },
        {
            "name": "yiisoft/yii2-gii",
            "version": "dev-master",
            "source": {
                "type": "git",
                "url": "https://github.com/yiisoft/yii2-gii.git",
                "reference": "3062e56767747143d75553d52795e048959dfee0"
            },
            "dist": {
                "type": "zip",
                "url": "https://api.github.com/repos/yiisoft/yii2-gii/zipball/3062e56767747143d75553d52795e048959dfee0",
                "reference": "3062e56767747143d75553d52795e048959dfee0",
                "shasum": ""
            },
            "require": {
                "phpspec/php-diff": ">=1.0.2",
                "yiisoft/yii2": "*",
                "yiisoft/yii2-bootstrap": "*"
            },
            "type": "yii2-extension",
            "autoload": {
                "psr-4": {
                    "yii\\gii\\": ""
                }
            },
            "notification-url": "https://packagist.org/downloads/",
            "license": [
                "BSD-3-Clause"
            ],
            "authors": [
                {
                    "name": "Qiang Xue",
                    "email": "qiang.xue@gmail.com"
                }
            ],
            "description": "The Gii extension for the Yii framework",
            "keywords": [
                "code generator",
                "gii",
                "yii2"
            ],
            "time": "2014-09-03 18:09:30"
        }
    ],
    "aliases": [

    ],
    "minimum-stability": "dev",
    "stability-flags": [

    ],
    "prefer-stable": false,
    "platform": {
        "php": ">=5.4.0"
    },
    "platform-dev": [

    ]
}
